PODS:
  - Expecta (1.0.0)
  - JSTokenField (0.1.0)
  - Specta (1.0.2)

DEPENDENCIES:
  - Expecta
  - JSTokenField (from `../`)
  - Specta

EXTERNAL SOURCES:
  JSTokenField:
    :path: ../

SPEC CHECKSUMS:
  Expecta: 32604574add2c46a36f8d2f716b6c5736eb75024
  JSTokenField: 55c268a144ed8ddb9f8e6ba6970cdcafc94a1838
  Specta: 9cec98310dca411f7c7ffd6943552b501622abfe

COCOAPODS: 0.37.2
